
Microsoft Visual Studio Solution File, Format Version 12.00
# Visual Studio Version 17
VisualStudioVersion = 17.13.35825.156
MinimumVisualStudioVersion = 10.0.40219.1
Project("{FAE04EC0-301F-11D3-BF4B-00C04F79EFBC}") = "DataProtection", "DataProtection\DataProtection.csproj", "{CDBBD232-5552-4404-A58E-C09513F89CC1}"
EndProject
Project("{FAE04EC0-301F-11D3-BF4B-00C04F79EFBC}") = "ProgramUI", "ProgramUI\ProgramUI.csproj", "{93333B18-AF60-4D23-8041-BE8D3F01F4CA}"
EndProject
Global
	GlobalSection(SolutionConfigurationPlatforms) = preSolution
		Debug|Any CPU = Debug|Any CPU
		Release|Any CPU = Release|Any CPU
	EndGlobalSection
	GlobalSection(ProjectConfigurationPlatforms) = postSolution
		{CDBBD232-5552-4404-A58E-C09513F89CC1}.Debug|Any CPU.ActiveCfg = Debug|Any CPU
		{CDBBD232-5552-4404-A58E-C09513F89CC1}.Debug|Any CPU.Build.0 = Debug|Any CPU
		{CDBBD232-5552-4404-A58E-C09513F89CC1}.Release|Any CPU.ActiveCfg = Release|Any CPU
		{CDBBD232-5552-4404-A58E-C09513F89CC1}.Release|Any CPU.Build.0 = Release|Any CPU
		{93333B18-AF60-4D23-8041-BE8D3F01F4CA}.Debug|Any CPU.ActiveCfg = Debug|Any CPU
		{93333B18-AF60-4D23-8041-BE8D3F01F4CA}.Debug|Any CPU.Build.0 = Debug|Any CPU
		{93333B18-AF60-4D23-8041-BE8D3F01F4CA}.Release|Any CPU.ActiveCfg = Release|Any CPU
		{93333B18-AF60-4D23-8041-BE8D3F01F4CA}.Release|Any CPU.Build.0 = Release|Any CPU
	EndGlobalSection
	GlobalSection(SolutionProperties) = preSolution
		HideSolutionNode = FALSE
	EndGlobalSection
	GlobalSection(ExtensibilityGlobals) = postSolution
		SolutionGuid = {2579830C-76BE-409C-96BA-6A35F72B39C0}
	EndGlobalSection
EndGlobal
